
Microsoft Visual Studio Solution File, Format Version 12.00
# Visual Studio 15
VisualStudioVersion = 15.0.26730.12
MinimumVisualStudioVersion = 10.0.40219.1
Project("{FAE04EC0-301F-11D3-BF4B-00C04F79EFBC}") = "WebApi", "WebApi\WebApi.csproj", "{FD2A5702-2796-4FB0-9D2A-5595492804BF}"
EndProject
Project("{FAE04EC0-301F-11D3-BF4B-00C04F79EFBC}") = "WebApi.Tests", "WebApi.Tests\WebApi.Tests.csproj", "{2C99E4E1-33FF-42B6-82CD-1987A3B01D03}"
EndProject
Global
	GlobalSection(SolutionConfigurationPlatforms) = preSolution
		Debug|Any CPU = Debug|Any CPU
		Release|Any CPU = Release|Any CPU
	EndGlobalSection
	GlobalSection(ProjectConfigurationPlatforms) = postSolution
		{FD2A5702-2796-4FB0-9D2A-5595492804BF}.Debug|Any CPU.ActiveCfg = Debug|Any CPU
		{FD2A5702-2796-4FB0-9D2A-5595492804BF}.Debug|Any CPU.Build.0 = Debug|Any CPU
		{FD2A5702-2796-4FB0-9D2A-5595492804BF}.Release|Any CPU.ActiveCfg = Release|Any CPU
		{FD2A5702-2796-4FB0-9D2A-5595492804BF}.Release|Any CPU.Build.0 = Release|Any CPU
		{2C99E4E1-33FF-42B6-82CD-1987A3B01D03}.Debug|Any CPU.ActiveCfg = Debug|Any CPU
		{2C99E4E1-33FF-42B6-82CD-1987A3B01D03}.Debug|Any CPU.Build.0 = Debug|Any CPU
		{2C99E4E1-33FF-42B6-82CD-1987A3B01D03}.Release|Any CPU.ActiveCfg = Release|Any CPU
		{2C99E4E1-33FF-42B6-82CD-1987A3B01D03}.Release|Any CPU.Build.0 = Release|Any CPU
	EndGlobalSection
	GlobalSection(SolutionProperties) = preSolution
		HideSolutionNode = FALSE
	EndGlobalSection
	GlobalSection(ExtensibilityGlobals) = postSolution
		SolutionGuid = {01DE4666-781B-4B21-83CC-43501AF1B069}
	EndGlobalSection
EndGlobal
